
Microsoft Visual Studio Solution File, Format Version 12.00
# Visual Studio Version 17
VisualStudioVersion = 17.4.33213.308
MinimumVisualStudioVersion = 10.0.40219.1
Project("{9A19103F-16F7-4668-BE54-9A1E7A4F7556}") = "APPPRHlulani", "APPPRHlulani.csproj", "{5DF88BC0-FA0D-4896-B94B-A46A6C9AA06C}"
EndProject
Project("{FAE04EC0-301F-11D3-BF4B-00C04F79EFBC}") = "Unit Tests", "..\Unit Tests\Unit Tests.csproj", "{145EE6CA-17DE-4065-AC3E-6ED6F1C33753}"
EndProject
Global
	GlobalSection(SolutionConfigurationPlatforms) = preSolution
		Debug|Any CPU = Debug|Any CPU
		Release|Any CPU = Release|Any CPU
	EndGlobalSection
	GlobalSection(ProjectConfigurationPlatforms) = postSolution
		{5DF88BC0-FA0D-4896-B94B-A46A6C9AA06C}.Debug|Any CPU.ActiveCfg = Debug|Any CPU
		{5DF88BC0-FA0D-4896-B94B-A46A6C9AA06C}.Debug|Any CPU.Build.0 = Debug|Any CPU
		{5DF88BC0-FA0D-4896-B94B-A46A6C9AA06C}.Release|Any CPU.ActiveCfg = Release|Any CPU
		{5DF88BC0-FA0D-4896-B94B-A46A6C9AA06C}.Release|Any CPU.Build.0 = Release|Any CPU
		{145EE6CA-17DE-4065-AC3E-6ED6F1C33753}.Debug|Any CPU.ActiveCfg = Debug|Any CPU
		{145EE6CA-17DE-4065-AC3E-6ED6F1C33753}.Debug|Any CPU.Build.0 = Debug|Any CPU
		{145EE6CA-17DE-4065-AC3E-6ED6F1C33753}.Release|Any CPU.ActiveCfg = Release|Any CPU
		{145EE6CA-17DE-4065-AC3E-6ED6F1C33753}.Release|Any CPU.Build.0 = Release|Any CPU
	EndGlobalSection
	GlobalSection(SolutionProperties) = preSolution
		HideSolutionNode = FALSE
	EndGlobalSection
	GlobalSection(ExtensibilityGlobals) = postSolution
		SolutionGuid = {E4467694-63DA-4459-AE94-353015414F99}
	EndGlobalSection
EndGlobal
